
Microsoft Visual Studio Solution File, Format Version 12.00
# Visual Studio 15
VisualStudioVersion = 15.0.26730.3
MinimumVisualStudioVersion = 10.0.40219.1
Project("{FAE04EC0-301F-11D3-BF4B-00C04F79EFBC}") = "ConsoleGame", "ConsoleApp2\ConsoleGame.csproj", "{BB6A3BD9-A45C-4C83-9860-60C427E980DA}"
EndProject
Project("{FAE04EC0-301F-11D3-BF4B-00C04F79EFBC}") = "GameCore", "GameCore\GameCore.csproj", "{EB98E0A1-7C43-4DAF-B370-8884EFFC747B}"
EndProject
Global
	GlobalSection(SolutionConfigurationPlatforms) = preSolution
		Debug|Any CPU = Debug|Any CPU
		Release|Any CPU = Release|Any CPU
	EndGlobalSection
	GlobalSection(ProjectConfigurationPlatforms) = postSolution
		{BB6A3BD9-A45C-4C83-9860-60C427E980DA}.Debug|Any CPU.ActiveCfg = Debug|Any CPU
		{BB6A3BD9-A45C-4C83-9860-60C427E980DA}.Debug|Any CPU.Build.0 = Debug|Any CPU
		{BB6A3BD9-A45C-4C83-9860-60C427E980DA}.Release|Any CPU.ActiveCfg = Release|Any CPU
		{BB6A3BD9-A45C-4C83-9860-60C427E980DA}.Release|Any CPU.Build.0 = Release|Any CPU
		{EB98E0A1-7C43-4DAF-B370-8884EFFC747B}.Debug|Any CPU.ActiveCfg = Debug|Any CPU
		{EB98E0A1-7C43-4DAF-B370-8884EFFC747B}.Debug|Any CPU.Build.0 = Debug|Any CPU
		{EB98E0A1-7C43-4DAF-B370-8884EFFC747B}.Release|Any CPU.ActiveCfg = Release|Any CPU
		{EB98E0A1-7C43-4DAF-B370-8884EFFC747B}.Release|Any CPU.Build.0 = Release|Any CPU
	EndGlobalSection
	GlobalSection(SolutionProperties) = preSolution
		HideSolutionNode = FALSE
	EndGlobalSection
	GlobalSection(ExtensibilityGlobals) = postSolution
		SolutionGuid = {EF8161DA-5AB5-45B1-9C32-0E83D60E7199}
	EndGlobalSection
EndGlobal
